// !$*UTF8*$!
{
	archiveVersion = 1;
	classes = {
	};
	objectVersion = 46;
	objects = {

/* Begin PBXBuildFile section */
		525F83FD1A392BC00031BD64 /* AddPost.xib in Resources */ = {isa = PBXBuildFile; fileRef = 525F83FC1A392BC00031BD64 /* AddPost.xib */; };
		525F84001A39444C0031BD64 /* EBBAddPostView.m in Sources */ = {isa = PBXBuildFile; fileRef = 525F83FF1A39444C0031BD64 /* EBBAddPostView.m */; };
		525F84031A3945810031BD64 /* EBBAddPostViewController.m in Sources */ = {isa = PBXBuildFile; fileRef = 525F84021A3945810031BD64 /* EBBAddPostViewController.m */; };
		525F84051A394C210031BD64 /* viewPostThenComment.xib in Resources */ = {isa = PBXBuildFile; fileRef = 525F84041A394C210031BD64 /* viewPostThenComment.xib */; };
		525F84071A394E6C0031BD64 /* commentCell.xib in Resources */ = {isa = PBXBuildFile; fileRef = 525F84061A394E6C0031BD64 /* commentCell.xib */; };
		525F840A1A3960C90031BD64 /* EBBViewPostThenCommentView.m in Sources */ = {isa = PBXBuildFile; fileRef = 525F84091A3960C90031BD64 /* EBBViewPostThenCommentView.m */; };
		525F840D1A3961E30031BD64 /* EBBviewPostThenCommentViewController.m in Sources */ = {isa = PBXBuildFile; fileRef = 525F840C1A3961E30031BD64 /* EBBviewPostThenCommentViewController.m */; };
		525F84161A396F2B0031BD64 /* Post.m in Sources */ = {isa = PBXBuildFile; fileRef = 525F84151A396F2B0031BD64 /* Post.m */; };
		525F84191A396F2B0031BD64 /* Comment.m in Sources */ = {isa = PBXBuildFile; fileRef = 525F84181A396F2B0031BD64 /* Comment.m */; };
		52BC9E191A368D4C008B688B /* main.m in Sources */ = {isa = PBXBuildFile; fileRef = 52BC9E181A368D4C008B688B /* main.m */; };
		52BC9E1C1A368D4C008B688B /* AppDelegate.m in Sources */ = {isa = PBXBuildFile; fileRef = 52BC9E1B1A368D4C008B688B /* AppDelegate.m */; };
		52BC9E1F1A368D4C008B688B /* EarthBulletingBoard.xcdatamodeld in Sources */ = {isa = PBXBuildFile; fileRef = 52BC9E1D1A368D4C008B688B /* EarthBulletingBoard.xcdatamodeld */; };
		52BC9E251A368D4C008B688B /* Main.storyboard in Resources */ = {isa = PBXBuildFile; fileRef = 52BC9E231A368D4C008B688B /* Main.storyboard */; };
		52BC9E271A368D4C008B688B /* Images.xcassets in Resources */ = {isa = PBXBuildFile; fileRef = 52BC9E261A368D4C008B688B /* Images.xcassets */; };
		52BC9E2A1A368D4C008B688B /* LaunchScreen.xib in Resources */ = {isa = PBXBuildFile; fileRef = 52BC9E281A368D4C008B688B /* LaunchScreen.xib */; };
		52BC9E361A368D4C008B688B /* EarthBulletingBoardTests.m in Sources */ = {isa = PBXBuildFile; fileRef = 52BC9E351A368D4C008B688B /* EarthBulletingBoardTests.m */; };
		52BC9E441A369D40008B688B /* LoginView.xib in Resources */ = {isa = PBXBuildFile; fileRef = 52BC9E431A369D40008B688B /* LoginView.xib */; };
		52BC9E4A1A36A664008B688B /* EBBBaseUIViewController.m in Sources */ = {isa = PBXBuildFile; fileRef = 52BC9E491A36A664008B688B /* EBBBaseUIViewController.m */; };
		52BC9E4D1A36A6BD008B688B /* EBBLoginViewController.m in Sources */ = {isa = PBXBuildFile; fileRef = 52BC9E4C1A36A6BD008B688B /* EBBLoginViewController.m */; };
		52BC9E4E1A36C4BF008B688B /* EBBLoginView.m in Sources */ = {isa = PBXBuildFile; fileRef = 52BC9E461A36A36E008B688B /* EBBLoginView.m */; };
		52BC9E521A36D6EB008B688B /* EBBHomeViewController.m in Sources */ = {isa = PBXBuildFile; fileRef = 52BC9E511A36D6EB008B688B /* EBBHomeViewController.m */; };
		52BC9E541A37E8A1008B688B /* HomeView.xib in Resources */ = {isa = PBXBuildFile; fileRef = 52BC9E531A37E8A1008B688B /* HomeView.xib */; };
		52BC9E571A37EE00008B688B /* EBBHomeView.m in Sources */ = {isa = PBXBuildFile; fileRef = 52BC9E561A37EE00008B688B /* EBBHomeView.m */; };
		52BC9E591A37F673008B688B /* PostTableView.xib in Resources */ = {isa = PBXBuildFile; fileRef = 52BC9E581A37F673008B688B /* PostTableView.xib */; };
		52BC9E5F1A37F858008B688B /* EBBTableViewCell.m in Sources */ = {isa = PBXBuildFile; fileRef = 52BC9E5E1A37F858008B688B /* EBBTableViewCell.m */; };
/* End PBXBuildFile section */

/* Begin PBXContainerItemProxy section */
		52BC9E301A368D4C008B688B /* PBXContainerItemProxy */ = {
			isa = PBXContainerItemProxy;
			containerPortal = 52BC9E0B1A368D4C008B688B /* Project object */;
			proxyType = 1;
			remoteGlobalIDString = 52BC9E121A368D4C008B688B;
			remoteInfo = EarthBulletingBoard;
		};
/* End PBXContainerItemProxy section */

/* Begin PBXFileReference section */
		525F83FC1A392BC00031BD64 /* AddPost.xib */ = {isa = PBXFileReference; fileEncoding = 4; lastKnownFileType = file.xib; name = AddPost.xib; path = Xibs/AddPost.xib; sourceTree = "<group>"; };
		525F83FE1A39444C0031BD64 /* EBBAddPostView.h */ = {isa = PBXFileReference; fileEncoding = 4; lastKnownFileType = sourcecode.c.h; name = EBBAddPostView.h; path = Views/EBBAddPostView.h; sourceTree = "<group>"; };
		525F83FF1A39444C0031BD64 /* EBBAddPostView.m */ = {isa = PBXFileReference; fileEncoding = 4; lastKnownFileType = sourcecode.c.objc; name = EBBAddPostView.m; path = Views/EBBAddPostView.m; sourceTree = "<group>"; };
		525F84011A3945810031BD64 /* EBBAddPostViewController.h */ = {isa = PBXFileReference; fileEncoding = 4; lastKnownFileType = sourcecode.c.h; name = EBBAddPostViewController.h; path = Controllers/EBBAddPostViewController.h; sourceTree = "<group>"; };
		525F84021A3945810031BD64 /* EBBAddPostViewController.m */ = {isa = PBXFileReference; fileEncoding = 4; lastKnownFileType = sourcecode.c.objc; name = EBBAddPostViewController.m; path = Controllers/EBBAddPostViewController.m; sourceTree = "<group>"; };
		525F84041A394C210031BD64 /* viewPostThenComment.xib */ = {isa = PBXFileReference; fileEncoding = 4; lastKnownFileType = file.xib; name = viewPostThenComment.xib; path = Xibs/viewPostThenComment.xib; sourceTree = "<group>"; };
		525F84061A394E6C0031BD64 /* commentCell.xib */ = {isa = PBXFileReference; fileEncoding = 4; lastKnownFileType = file.xib; name = commentCell.xib; path = Xibs/commentCell.xib; sourceTree = "<group>"; };
		525F84081A3960C90031BD64 /* EBBViewPostThenCommentView.h */ = {isa = PBXFileReference; fileEncoding = 4; lastKnownFileType = sourcecode.c.h; name = EBBViewPostThenCommentView.h; path = Views/EBBViewPostThenCommentView.h; sourceTree = "<group>"; };
		525F84091A3960C90031BD64 /* EBBViewPostThenCommentView.m */ = {isa = PBXFileReference; fileEncoding = 4; lastKnownFileType = sourcecode.c.objc; name = EBBViewPostThenCommentView.m; path = Views/EBBViewPostThenCommentView.m; sourceTree = "<group>"; };
		525F840B1A3961E30031BD64 /* EBBviewPostThenCommentViewController.h */ = {isa = PBXFileReference; fileEncoding = 4; lastKnownFileType = sourcecode.c.h; name = EBBviewPostThenCommentViewController.h; path = Controllers/EBBviewPostThenCommentViewController.h; sourceTree = "<group>"; };
		525F840C1A3961E30031BD64 /* EBBviewPostThenCommentViewController.m */ = {isa = PBXFileReference; fileEncoding = 4; lastKnownFileType = sourcecode.c.objc; name = EBBviewPostThenCommentViewController.m; path = Controllers/EBBviewPostThenCommentViewController.m; sourceTree = "<group>"; };
		525F84141A396F2B0031BD64 /* Post.h */ = {isa = PBXFileReference; fileEncoding = 4; lastKnownFileType = sourcecode.c.h; path = Post.h; sourceTree = "<group>"; };
		525F84151A396F2B0031BD64 /* Post.m */ = {isa = PBXFileReference; fileEncoding = 4; lastKnownFileType = sourcecode.c.objc; path = Post.m; sourceTree = "<group>"; };
		525F84171A396F2B0031BD64 /* Comment.h */ = {isa = PBXFileReference; fileEncoding = 4; lastKnownFileType = sourcecode.c.h; path = Comment.h; sourceTree = "<group>"; };
		525F84181A396F2B0031BD64 /* Comment.m */ = {isa = PBXFileReference; fileEncoding = 4; lastKnownFileType = sourcecode.c.objc; path = Comment.m; sourceTree = "<group>"; };
		52BC9E131A368D4C008B688B /* EarthBulletingBoard.app */ = {isa = PBXFileReference; explicitFileType = wrapper.application; includeInIndex = 0; path = EarthBulletingBoard.app; sourceTree = BUILT_PRODUCTS_DIR; };
		52BC9E171A368D4C008B688B /* Info.plist */ = {isa = PBXFileReference; lastKnownFileType = text.plist.xml; path = Info.plist; sourceTree = "<group>"; };
		52BC9E181A368D4C008B688B /* main.m */ = {isa = PBXFileReference; lastKnownFileType = sourcecode.c.objc; path = main.m; sourceTree = "<group>"; };
		52BC9E1A1A368D4C008B688B /* AppDelegate.h */ = {isa = PBXFileReference; lastKnownFileType = sourcecode.c.h; path = AppDelegate.h; sourceTree = "<group>"; };
		52BC9E1B1A368D4C008B688B /* AppDelegate.m */ = {isa = PBXFileReference; lastKnownFileType = sourcecode.c.objc; path = AppDelegate.m; sourceTree = "<group>"; };
		52BC9E1E1A368D4C008B688B /* EarthBulletingBoard.xcdatamodel */ = {isa = PBXFileReference; lastKnownFileType = wrapper.xcdatamodel; path = EarthBulletingBoard.xcdatamodel; sourceTree = "<group>"; };
		52BC9E241A368D4C008B688B /* Base */ = {isa = PBXFileReference; lastKnownFileType = file.storyboard; name = Base; path = Base.lproj/Main.storyboard; sourceTree = "<group>"; };
		52BC9E261A368D4C008B688B /* Images.xcassets */ = {isa = PBXFileReference; lastKnownFileType = folder.assetcatalog; path = Images.xcassets; sourceTree = "<group>"; };
		52BC9E291A368D4C008B688B /* Base */ = {isa = PBXFileReference; lastKnownFileType = file.xib; name = Base; path = Base.lproj/LaunchScreen.xib; sourceTree = "<group>"; };
		52BC9E2F1A368D4C008B688B /* EarthBulletingBoardTests.xctest */ = {isa = PBXFileReference; explicitFileType = wrapper.cfbundle; includeInIndex = 0; path = EarthBulletingBoardTests.xctest; sourceTree = BUILT_PRODUCTS_DIR; };
		52BC9E341A368D4C008B688B /* Info.plist */ = {isa = PBXFileReference; lastKnownFileType = text.plist.xml; path = Info.plist; sourceTree = "<group>"; };
		52BC9E351A368D4C008B688B /* EarthBulletingBoardTests.m */ = {isa = PBXFileReference; lastKnownFileType = sourcecode.c.objc; path = EarthBulletingBoardTests.m; sourceTree = "<group>"; };
		52BC9E431A369D40008B688B /* LoginView.xib */ = {isa = PBXFileReference; fileEncoding = 4; lastKnownFileType = file.xib; name = LoginView.xib; path = Xibs/LoginView.xib; sourceTree = "<group>"; };
		52BC9E451A36A36E008B688B /* EBBLoginView.h */ = {isa = PBXFileReference; fileEncoding = 4; lastKnownFileType = sourcecode.c.h; name = EBBLoginView.h; path = Views/EBBLoginView.h; sourceTree = "<group>"; };
		52BC9E461A36A36E008B688B /* EBBLoginView.m */ = {isa = PBXFileReference; fileEncoding = 4; lastKnownFileType = sourcecode.c.objc; name = EBBLoginView.m; path = Views/EBBLoginView.m; sourceTree = "<group>"; };
		52BC9E481A36A664008B688B /* EBBBaseUIViewController.h */ = {isa = PBXFileReference; fileEncoding = 4; lastKnownFileType = sourcecode.c.h; name = EBBBaseUIViewController.h; path = Controllers/EBBBaseUIViewController.h; sourceTree = "<group>"; };
		52BC9E491A36A664008B688B /* EBBBaseUIViewController.m */ = {isa = PBXFileReference; fileEncoding = 4; lastKnownFileType = sourcecode.c.objc; name = EBBBaseUIViewController.m; path = Controllers/EBBBaseUIViewController.m; sourceTree = "<group>"; };
		52BC9E4B1A36A6BD008B688B /* EBBLoginViewController.h */ = {isa = PBXFileReference; fileEncoding = 4; lastKnownFileType = sourcecode.c.h; name = EBBLoginViewController.h; path = Controllers/EBBLoginViewController.h; sourceTree = "<group>"; };
		52BC9E4C1A36A6BD008B688B /* EBBLoginViewController.m */ = {isa = PBXFileReference; fileEncoding = 4; lastKnownFileType = sourcecode.c.objc; name = EBBLoginViewController.m; path = Controllers/EBBLoginViewController.m; sourceTree = "<group>"; };
		52BC9E501A36D6EB008B688B /* EBBHomeViewController.h */ = {isa = PBXFileReference; fileEncoding = 4; lastKnownFileType = sourcecode.c.h; name = EBBHomeViewController.h; path = Controllers/EBBHomeViewController.h; sourceTree = "<group>"; };
		52BC9E511A36D6EB008B688B /* EBBHomeViewController.m */ = {isa = PBXFileReference; fileEncoding = 4; lastKnownFileType = sourcecode.c.objc; name = EBBHomeViewController.m; path = Controllers/EBBHomeViewController.m; sourceTree = "<group>"; };
		52BC9E531A37E8A1008B688B /* HomeView.xib */ = {isa = PBXFileReference; fileEncoding = 4; lastKnownFileType = file.xib; name = HomeView.xib; path = Xibs/HomeView.xib; sourceTree = "<group>"; };
		52BC9E551A37EE00008B688B /* EBBHomeView.h */ = {isa = PBXFileReference; fileEncoding = 4; lastKnownFileType = sourcecode.c.h; name = EBBHomeView.h; path = Views/EBBHomeView.h; sourceTree = "<group>"; };
		52BC9E561A37EE00008B688B /* EBBHomeView.m */ = {isa = PBXFileReference; fileEncoding = 4; lastKnownFileType = sourcecode.c.objc; name = EBBHomeView.m; path = Views/EBBHomeView.m; sourceTree = "<group>"; };
		52BC9E581A37F673008B688B /* PostTableView.xib */ = {isa = PBXFileReference; fileEncoding = 4; lastKnownFileType = file.xib; name = PostTableView.xib; path = Xibs/PostTableView.xib; sourceTree = "<group>"; };
		52BC9E5D1A37F858008B688B /* EBBTableViewCell.h */ = {isa = PBXFileReference; fileEncoding = 4; lastKnownFileType = sourcecode.c.h; name = EBBTableViewCell.h; path = Views/EBBTableViewCell.h; sourceTree = "<group>"; };
		52BC9E5E1A37F858008B688B /* EBBTableViewCell.m */ = {isa = PBXFileReference; fileEncoding = 4; lastKnownFileType = sourcecode.c.objc; name = EBBTableViewCell.m; path = Views/EBBTableViewCell.m; sourceTree = "<group>"; };
/* End PBXFileReference section */

/* Begin PBXFrameworksBuildPhase section */
		52BC9E101A368D4C008B688B /* Frameworks */ = {
			isa = PBXFrameworksBuildPhase;
			buildActionMask = 2147483647;
			files = (
			);
			runOnlyForDeploymentPostprocessing = 0;
		};
		52BC9E2C1A368D4C008B688B /* Frameworks */ = {
			isa = PBXFrameworksBuildPhase;
			buildActionMask = 2147483647;
			files = (
			);
			runOnlyForDeploymentPostprocessing = 0;
		};
/* End PBXFrameworksBuildPhase section */

/* Begin PBXGroup section */
		52BC9E0A1A368D4C008B688B = {
			isa = PBXGroup;
			children = (
				52BC9E151A368D4C008B688B /* EarthBulletingBoard */,
				52BC9E321A368D4C008B688B /* EarthBulletingBoardTests */,
				52BC9E141A368D4C008B688B /* Products */,
			);
			sourceTree = "<group>";
		};
		52BC9E141A368D4C008B688B /* Products */ = {
			isa = PBXGroup;
			children = (
				52BC9E131A368D4C008B688B /* EarthBulletingBoard.app */,
				52BC9E2F1A368D4C008B688B /* EarthBulletingBoardTests.xctest */,
			);
			name = Products;
			sourceTree = "<group>";
		};
		52BC9E151A368D4C008B688B /* EarthBulletingBoard */ = {
			isa = PBXGroup;
			children = (
				52BC9E1A1A368D4C008B688B /* AppDelegate.h */,
				52BC9E1B1A368D4C008B688B /* AppDelegate.m */,
				52BC9E401A3699BD008B688B /* Models */,
				52BC9E3F1A3699B4008B688B /* Views */,
				52BC9E411A3699C7008B688B /* Controllers */,
				52BC9E421A3699E4008B688B /* Xibs */,
				52BC9E231A368D4C008B688B /* Main.storyboard */,
				52BC9E1D1A368D4C008B688B /* EarthBulletingBoard.xcdatamodeld */,
				52BC9E261A368D4C008B688B /* Images.xcassets */,
				52BC9E281A368D4C008B688B /* LaunchScreen.xib */,
				52BC9E161A368D4C008B688B /* Supporting Files */,
			);
			path = EarthBulletingBoard;
			sourceTree = "<group>";
		};
		52BC9E161A368D4C008B688B /* Supporting Files */ = {
			isa = PBXGroup;
			children = (
				52BC9E171A368D4C008B688B /* Info.plist */,
				52BC9E181A368D4C008B688B /* main.m */,
			);
			name = "Supporting Files";
			sourceTree = "<group>";
		};
		52BC9E321A368D4C008B688B /* EarthBulletingBoardTests */ = {
			isa = PBXGroup;
			children = (
				52BC9E351A368D4C008B688B /* EarthBulletingBoardTests.m */,
				52BC9E331A368D4C008B688B /* Supporting Files */,
			);
			path = EarthBulletingBoardTests;
			sourceTree = "<group>";
		};
		52BC9E331A368D4C008B688B /* Supporting Files */ = {
			isa = PBXGroup;
			children = (
				52BC9E341A368D4C008B688B /* Info.plist */,
			);
			name = "Supporting Files";
			sourceTree = "<group>";
		};
		52BC9E3F1A3699B4008B688B /* Views */ = {
			isa = PBXGroup;
			children = (
				52BC9E451A36A36E008B688B /* EBBLoginView.h */,
				52BC9E461A36A36E008B688B /* EBBLoginView.m */,
				52BC9E551A37EE00008B688B /* EBBHomeView.h */,
				52BC9E561A37EE00008B688B /* EBBHomeView.m */,
				52BC9E5D1A37F858008B688B /* EBBTableViewCell.h */,
				52BC9E5E1A37F858008B688B /* EBBTableViewCell.m */,
				525F83FE1A39444C0031BD64 /* EBBAddPostView.h */,
				525F83FF1A39444C0031BD64 /* EBBAddPostView.m */,
				525F84081A3960C90031BD64 /* EBBViewPostThenCommentView.h */,
				525F84091A3960C90031BD64 /* EBBViewPostThenCommentView.m */,
			);
			name = Views;
			sourceTree = "<group>";
		};
		52BC9E401A3699BD008B688B /* Models */ = {
			isa = PBXGroup;
			children = (
				525F84171A396F2B0031BD64 /* Comment.h */,
				525F84181A396F2B0031BD64 /* Comment.m */,
				525F84141A396F2B0031BD64 /* Post.h */,
				525F84151A396F2B0031BD64 /* Post.m */,
			);
			name = Models;
			sourceTree = "<group>";
		};
		52BC9E411A3699C7008B688B /* Controllers */ = {
			isa = PBXGroup;
			children = (
				52BC9E481A36A664008B688B /* EBBBaseUIViewController.h */,
				52BC9E491A36A664008B688B /* EBBBaseUIViewController.m */,
				52BC9E4B1A36A6BD008B688B /* EBBLoginViewController.h */,
				52BC9E4C1A36A6BD008B688B /* EBBLoginViewController.m */,
				52BC9E501A36D6EB008B688B /* EBBHomeViewController.h */,
				52BC9E511A36D6EB008B688B /* EBBHomeViewController.m */,
				525F84011A3945810031BD64 /* EBBAddPostViewController.h */,
				525F84021A3945810031BD64 /* EBBAddPostViewController.m */,
				525F840B1A3961E30031BD64 /* EBBviewPostThenCommentViewController.h */,
				525F840C1A3961E30031BD64 /* EBBviewPostThenCommentViewController.m */,
			);
			name = Controllers;
			sourceTree = "<group>";
		};
		52BC9E421A3699E4008B688B /* Xibs */ = {
			isa = PBXGroup;
			children = (
				52BC9E431A369D40008B688B /* LoginView.xib */,
				52BC9E531A37E8A1008B688B /* HomeView.xib */,
				52BC9E581A37F673008B688B /* PostTableView.xib */,
				525F83FC1A392BC00031BD64 /* AddPost.xib */,
				525F84041A394C210031BD64 /* viewPostThenComment.xib */,
				525F84061A394E6C0031BD64 /* commentCell.xib */,
			);
			name = Xibs;
			sourceTree = "<group>";
		};
/* End PBXGroup section */

/* Begin PBXNativeTarget section */
		52BC9E121A368D4C008B688B /* EarthBulletingBoard */ = {
			isa = PBXNativeTarget;
			buildConfigurationList = 52BC9E391A368D4C008B688B /* Build configuration list for PBXNativeTarget "EarthBulletingBoard" */;
			buildPhases = (
				52BC9E0F1A368D4C008B688B /* Sources */,
				52BC9E101A368D4C008B688B /* Frameworks */,
				52BC9E111A368D4C008B688B /* Resources */,
			);
			buildRules = (
			);
			dependencies = (
			);
			name = EarthBulletingBoard;
			productName = EarthBulletingBoard;
			productReference = 52BC9E131A368D4C008B688B /* EarthBulletingBoard.app */;
			productType = "com.apple.product-type.application";
		};
		52BC9E2E1A368D4C008B688B /* EarthBulletingBoardTests */ = {
			isa = PBXNativeTarget;
			buildConfigurationList = 52BC9E3C1A368D4C008B688B /* Build configuration list for PBXNativeTarget "EarthBulletingBoardTests" */;
			buildPhases = (
				52BC9E2B1A368D4C008B688B /* Sources */,
				52BC9E2C1A368D4C008B688B /* Frameworks */,
				52BC9E2D1A368D4C008B688B /* Resources */,
			);
			buildRules = (
			);
			dependencies = (
				52BC9E311A368D4C008B688B /* PBXTargetDependency */,
			);
			name = EarthBulletingBoardTests;
			productName = EarthBulletingBoardTests;
			productReference = 52BC9E2F1A368D4C008B688B /* EarthBulletingBoardTests.xctest */;
			productType = "com.apple.product-type.bundle.unit-test";
		};
/* End PBXNativeTarget section */

/* Begin PBXProject section */
		52BC9E0B1A368D4C008B688B /* Project object */ = {
			isa = PBXProject;
			attributes = {
				CLASSPREFIX = EBB;
				LastUpgradeCheck = 0610;
				ORGANIZATIONNAME = "Jovie Francisco Supe";
				TargetAttributes = {
					52BC9E121A368D4C008B688B = {
						CreatedOnToolsVersion = 6.1.1;
					};
					52BC9E2E1A368D4C008B688B = {
						CreatedOnToolsVersion = 6.1.1;
						TestTargetID = 52BC9E121A368D4C008B688B;
					};
				};
			};
			buildConfigurationList = 52BC9E0E1A368D4C008B688B /* Build configuration list for PBXProject "EarthBulletingBoard" */;
			compatibilityVersion = "Xcode 3.2";
			developmentRegion = English;
			hasScannedForEncodings = 0;
			knownRegions = (
				en,
				Base,
			);
			mainGroup = 52BC9E0A1A368D4C008B688B;
			productRefGroup = 52BC9E141A368D4C008B688B /* Products */;
			projectDirPath = "";
			projectRoot = "";
			targets = (
				52BC9E121A368D4C008B688B /* EarthBulletingBoard */,
				52BC9E2E1A368D4C008B688B /* EarthBulletingBoardTests */,
			);
		};
/* End PBXProject section */

/* Begin PBXResourcesBuildPhase section */
		52BC9E111A368D4C008B688B /* Resources */ = {
			isa = PBXResourcesBuildPhase;
			buildActionMask = 2147483647;
			files = (
				525F84071A394E6C0031BD64 /* commentCell.xib in Resources */,
				52BC9E251A368D4C008B688B /* Main.storyboard in Resources */,
				52BC9E591A37F673008B688B /* PostTableView.xib in Resources */,
				52BC9E2A1A368D4C008B688B /* LaunchScreen.xib in Resources */,
				525F84051A394C210031BD64 /* viewPostThenComment.xib in Resources */,
				52BC9E441A369D40008B688B /* LoginView.xib in Resources */,
				525F83FD1A392BC00031BD64 /* AddPost.xib in Resources */,
				52BC9E271A368D4C008B688B /* Images.xcassets in Resources */,
				52BC9E541A37E8A1008B688B /* HomeView.xib in Resources */,
			);
			runOnlyForDeploymentPostprocessing = 0;
		};
		52BC9E2D1A368D4C008B688B /* Resources */ = {
			isa = PBXResourcesBuildPhase;
			buildActionMask = 2147483647;
			files = (
			);
			runOnlyForDeploymentPostprocessing = 0;
		};
/* End PBXResourcesBuildPhase section */

/* Begin PBXSourcesBuildPhase section */
		52BC9E0F1A368D4C008B688B /* Sources */ = {
			isa = PBXSourcesBuildPhase;
			buildActionMask = 2147483647;
			files = (
				52BC9E1C1A368D4C008B688B /* AppDelegate.m in Sources */,
				525F84031A3945810031BD64 /* EBBAddPostViewController.m in Sources */,
				52BC9E5F1A37F858008B688B /* EBBTableViewCell.m in Sources */,
				525F840D1A3961E30031BD64 /* EBBviewPostThenCommentViewController.m in Sources */,
				52BC9E4A1A36A664008B688B /* EBBBaseUIViewController.m in Sources */,
				52BC9E1F1A368D4C008B688B /* EarthBulletingBoard.xcdatamodeld in Sources */,
				52BC9E4D1A36A6BD008B688B /* EBBLoginViewController.m in Sources */,
				525F840A1A3960C90031BD64 /* EBBViewPostThenCommentView.m in Sources */,
				52BC9E4E1A36C4BF008B688B /* EBBLoginView.m in Sources */,
				525F84001A39444C0031BD64 /* EBBAddPostView.m in Sources */,
				52BC9E571A37EE00008B688B /* EBBHomeView.m in Sources */,
				52BC9E521A36D6EB008B688B /* EBBHomeViewController.m in Sources */,
				52BC9E191A368D4C008B688B /* main.m in Sources */,
				525F84191A396F2B0031BD64 /* Comment.m in Sources */,
				525F84161A396F2B0031BD64 /* Post.m in Sources */,
			);
			runOnlyForDeploymentPostprocessing = 0;
		};
		52BC9E2B1A368D4C008B688B /* Sources */ = {
			isa = PBXSourcesBuildPhase;
			buildActionMask = 2147483647;
			files = (
				52BC9E361A368D4C008B688B /* EarthBulletingBoardTests.m in Sources */,
			);
			runOnlyForDeploymentPostprocessing = 0;
		};
/* End PBXSourcesBuildPhase section */

/* Begin PBXTargetDependency section */
		52BC9E311A368D4C008B688B /* PBXTargetDependency */ = {
			isa = PBXTargetDependency;
			target = 52BC9E121A368D4C008B688B /* EarthBulletingBoard */;
			targetProxy = 52BC9E301A368D4C008B688B /* PBXContainerItemProxy */;
		};
/* End PBXTargetDependency section */

/* Begin PBXVariantGroup section */
		52BC9E231A368D4C008B688B /* Main.storyboard */ = {
			isa = PBXVariantGroup;
			children = (
				52BC9E241A368D4C008B688B /* Base */,
			);
			name = Main.storyboard;
			sourceTree = "<group>";
		};
		52BC9E281A368D4C008B688B /* LaunchScreen.xib */ = {
			isa = PBXVariantGroup;
			children = (
				52BC9E291A368D4C008B688B /* Base */,
			);
			name = LaunchScreen.xib;
			sourceTree = "<group>";
		};
/* End PBXVariantGroup section */

/* Begin XCBuildConfiguration section */
		52BC9E371A368D4C008B688B /* Debug */ = {
			isa = XCBuildConfiguration;
			buildSettings = {
				ALWAYS_SEARCH_USER_PATHS = NO;
				CLANG_CXX_LANGUAGE_STANDARD = "gnu++0x";
				CLANG_CXX_LIBRARY = "libc++";
				CLANG_ENABLE_MODULES = YES;
				CLANG_ENABLE_OBJC_ARC = YES;
				CLANG_WARN_BOOL_CONVERSION = YES;
				CLANG_WARN_CONSTANT_CONVERSION = YES;
				CLANG_WARN_DIRECT_OBJC_ISA_USAGE = YES_ERROR;
				CLANG_WARN_EMPTY_BODY = YES;
				CLANG_WARN_ENUM_CONVERSION = YES;
				CLANG_WARN_INT_CONVERSION = YES;
				CLANG_WARN_OBJC_ROOT_CLASS = YES_ERROR;
				CLANG_WARN_UNREACHABLE_CODE = YES;
				CLANG_WARN__DUPLICATE_METHOD_MATCH = YES;
				"CODE_SIGN_IDENTITY[sdk=iphoneos*]" = "iPhone Developer";
				COPY_PHASE_STRIP = NO;
				ENABLE_STRICT_OBJC_MSGSEND = YES;
				GCC_C_LANGUAGE_STANDARD = gnu99;
				GCC_DYNAMIC_NO_PIC = NO;
				GCC_OPTIMIZATION_LEVEL = 0;
				GCC_PREPROCESSOR_DEFINITIONS = (
					"DEBUG=1",
					"$(inherited)",
				);
				GCC_SYMBOLS_PRIVATE_EXTERN = NO;
				GCC_WARN_64_TO_32_BIT_CONVERSION = YES;
				GCC_WARN_ABOUT_RETURN_TYPE = YES_ERROR;
				GCC_WARN_UNDECLARED_SELECTOR = YES;
				GCC_WARN_UNINITIALIZED_AUTOS = YES_AGGRESSIVE;
				GCC_WARN_UNUSED_FUNCTION = YES;
				GCC_WARN_UNUSED_VARIABLE = YES;
				IPHONEOS_DEPLOYMENT_TARGET = 8.1;
				MTL_ENABLE_DEBUG_INFO = YES;
				ONLY_ACTIVE_ARCH = YES;
				SDKROOT = iphoneos;
				TARGETED_DEVICE_FAMILY = "1,2";
			};
			name = Debug;
		};
		52BC9E381A368D4C008B688B /* Release */ = {
			isa = XCBuildConfiguration;
			buildSettings = {
				ALWAYS_SEARCH_USER_PATHS = NO;
				CLANG_CXX_LANGUAGE_STANDARD = "gnu++0x";
				CLANG_CXX_LIBRARY = "libc++";
				CLANG_ENABLE_MODULES = YES;
				CLANG_ENABLE_OBJC_ARC = YES;
				CLANG_WARN_BOOL_CONVERSION = YES;
				CLANG_WARN_CONSTANT_CONVERSION = YES;
				CLANG_WARN_DIRECT_OBJC_ISA_USAGE = YES_ERROR;
				CLANG_WARN_EMPTY_BODY = YES;
				CLANG_WARN_ENUM_CONVERSION = YES;
				CLANG_WARN_INT_CONVERSION = YES;
				CLANG_WARN_OBJC_ROOT_CLASS = YES_ERROR;
				CLANG_WARN_UNREACHABLE_CODE = YES;
				CLANG_WARN__DUPLICATE_METHOD_MATCH = YES;
				"CODE_SIGN_IDENTITY[sdk=iphoneos*]" = "iPhone Developer";
				COPY_PHASE_STRIP = YES;
				ENABLE_NS_ASSERTIONS = NO;
				ENABLE_STRICT_OBJC_MSGSEND = YES;
				GCC_C_LANGUAGE_STANDARD = gnu99;
				GCC_WARN_64_TO_32_BIT_CONVERSION = YES;
				GCC_WARN_ABOUT_RETURN_TYPE = YES_ERROR;
				GCC_WARN_UNDECLARED_SELECTOR = YES;
				GCC_WARN_UNINITIALIZED_AUTOS = YES_AGGRESSIVE;
				GCC_WARN_UNUSED_FUNCTION = YES;
				GCC_WARN_UNUSED_VARIABLE = YES;
				IPHONEOS_DEPLOYMENT_TARGET = 8.1;
				MTL_ENABLE_DEBUG_INFO = NO;
				SDKROOT = iphoneos;
				TARGETED_DEVICE_FAMILY = "1,2";
				VALIDATE_PRODUCT = YES;
			};
			name = Release;
		};
		52BC9E3A1A368D4C008B688B /* Debug */ = {
			isa = XCBuildConfiguration;
			buildSettings = {
				ASSETCATALOG_COMPILER_APPICON_NAME = AppIcon;
				INFOPLIST_FILE = EarthBulletingBoard/Info.plist;
				LD_RUNPATH_SEARCH_PATHS = "$(inherited) @executable_path/Frameworks";
				PRODUCT_NAME = "$(TARGET_NAME)";
			};
			name = Debug;
		};
		52BC9E3B1A368D4C008B688B /* Release */ = {
			isa = XCBuildConfiguration;
			buildSettings = {
				ASSETCATALOG_COMPILER_APPICON_NAME = AppIcon;
				INFOPLIST_FILE = EarthBulletingBoard/Info.plist;
				LD_RUNPATH_SEARCH_PATHS = "$(inherited) @executable_path/Frameworks";
				PRODUCT_NAME = "$(TARGET_NAME)";
			};
			name = Release;
		};
		52BC9E3D1A368D4C008B688B /* Debug */ = {
			isa = XCBuildConfiguration;
			buildSettings = {
				BUNDLE_LOADER = "$(TEST_HOST)";
				FRAMEWORK_SEARCH_PATHS = (
					"$(SDKROOT)/Developer/Library/Frameworks",
					"$(inherited)",
				);
				GCC_PREPROCESSOR_DEFINITIONS = (
					"DEBUG=1",
					"$(inherited)",
				);
				INFOPLIST_FILE = EarthBulletingBoardTests/Info.plist;
				LD_RUNPATH_SEARCH_PATHS = "$(inherited) @executable_path/Frameworks @loader_path/Frameworks";
				PRODUCT_NAME = "$(TARGET_NAME)";
				TEST_HOST = "$(BUILT_PRODUCTS_DIR)/EarthBulletingBoard.app/EarthBulletingBoard";
			};
			name = Debug;
		};
		52BC9E3E1A368D4C008B688B /* Release */ = {
			isa = XCBuildConfiguration;
			buildSettings = {
				BUNDLE_LOADER = "$(TEST_HOST)";
				FRAMEWORK_SEARCH_PATHS = (
					"$(SDKROOT)/Developer/Library/Frameworks",
					"$(inherited)",
				);
				INFOPLIST_FILE = EarthBulletingBoardTests/Info.plist;
				LD_RUNPATH_SEARCH_PATHS = "$(inherited) @executable_path/Frameworks @loader_path/Frameworks";
				PRODUCT_NAME = "$(TARGET_NAME)";
				TEST_HOST = "$(BUILT_PRODUCTS_DIR)/EarthBulletingBoard.app/EarthBulletingBoard";
			};
			name = Release;
		};
/* End XCBuildConfiguration section */

/* Begin XCConfigurationList section */
		52BC9E0E1A368D4C008B688B /* Build configuration list for PBXProject "EarthBulletingBoard" */ = {
			isa = XCConfigurationList;
			buildConfigurations = (
				52BC9E371A368D4C008B688B /* Debug */,
				52BC9E381A368D4C008B688B /* Release */,
			);
			defaultConfigurationIsVisible = 0;
			defaultConfigurationName = Release;
		};
		52BC9E391A368D4C008B688B /* Build configuration list for PBXNativeTarget "EarthBulletingBoard" */ = {
			isa = XCConfigurationList;
			buildConfigurations = (
				52BC9E3A1A368D4C008B688B /* Debug */,
				52BC9E3B1A368D4C008B688B /* Release */,
			);
			defaultConfigurationIsVisible = 0;
			defaultConfigurationName = Release;
		};
		52BC9E3C1A368D4C008B688B /* Build configuration list for PBXNativeTarget "EarthBulletingBoardTests" */ = {
			isa = XCConfigurationList;
			buildConfigurations = (
				52BC9E3D1A368D4C008B688B /* Debug */,
				52BC9E3E1A368D4C008B688B /* Release */,
			);
			defaultConfigurationIsVisible = 0;
			defaultConfigurationName = Release;
		};
/* End XCConfigurationList section */

/* Begin XCVersionGroup section */
		52BC9E1D1A368D4C008B688B /* EarthBulletingBoard.xcdatamodeld */ = {
			isa = XCVersionGroup;
			children = (
				52BC9E1E1A368D4C008B688B /* EarthBulletingBoard.xcdatamodel */,
			);
			currentVersion = 52BC9E1E1A368D4C008B688B /* EarthBulletingBoard.xcdatamodel */;
			path = EarthBulletingBoard.xcdatamodeld;
			sourceTree = "<group>";
			versionGroupType = wrapper.xcdatamodel;
		};
/* End XCVersionGroup section */
	};
	rootObject = 52BC9E0B1A368D4C008B688B /* Project object */;
}
